
Microsoft Visual Studio Solution File, Format Version 12.00
# Visual Studio 15
VisualStudioVersion = 15.0.28307.645
MinimumVisualStudioVersion = 10.0.40219.1
Project("{FAE04EC0-301F-11D3-BF4B-00C04F79EFBC}") = "webevaldo", "webevaldo\webevaldo.csproj", "{FD1C1FAF-BAF6-4930-B5C5-2DB2BC0A7F54}"
EndProject
Project("{FAE04EC0-301F-11D3-BF4B-00C04F79EFBC}") = "apiwebevaldo", "apiwebevaldo\apiwebevaldo.csproj", "{04F89057-7755-4465-8765-A9E49EBAD08B}"
EndProject
Global
	GlobalSection(SolutionConfigurationPlatforms) = preSolution
		Debug|Any CPU = Debug|Any CPU
		Release|Any CPU = Release|Any CPU
	EndGlobalSection
	GlobalSection(ProjectConfigurationPlatforms) = postSolution
		{FD1C1FAF-BAF6-4930-B5C5-2DB2BC0A7F54}.Debug|Any CPU.ActiveCfg = Debug|Any CPU
		{FD1C1FAF-BAF6-4930-B5C5-2DB2BC0A7F54}.Debug|Any CPU.Build.0 = Debug|Any CPU
		{FD1C1FAF-BAF6-4930-B5C5-2DB2BC0A7F54}.Release|Any CPU.ActiveCfg = Release|Any CPU
		{FD1C1FAF-BAF6-4930-B5C5-2DB2BC0A7F54}.Release|Any CPU.Build.0 = Release|Any CPU
		{04F89057-7755-4465-8765-A9E49EBAD08B}.Debug|Any CPU.ActiveCfg = Debug|Any CPU
		{04F89057-7755-4465-8765-A9E49EBAD08B}.Debug|Any CPU.Build.0 = Debug|Any CPU
		{04F89057-7755-4465-8765-A9E49EBAD08B}.Release|Any CPU.ActiveCfg = Release|Any CPU
		{04F89057-7755-4465-8765-A9E49EBAD08B}.Release|Any CPU.Build.0 = Release|Any CPU
	EndGlobalSection
	GlobalSection(SolutionProperties) = preSolution
		HideSolutionNode = FALSE
	EndGlobalSection
	GlobalSection(ExtensibilityGlobals) = postSolution
		SolutionGuid = {4B40253F-C958-491D-AF96-88B7AD6D33B9}
	EndGlobalSection
EndGlobal
